
Microsoft Visual Studio Solution File, Format Version 12.00
# Visual Studio Version 17
VisualStudioVersion = 17.14.36203.30
MinimumVisualStudioVersion = 10.0.40219.1
Project("{2150E333-8FDC-42A3-9474-1A3956D46DE8}") = "Solution Items", "Solution Items", "{8EC462FD-D22E-90A8-E5CE-7E832BA40C5D}"
	ProjectSection(SolutionItems) = preProject
		CHANGELOG.md = CHANGELOG.md
		DEV.md = DEV.md
		.github\workflows\dotnet.yml = .github\workflows\dotnet.yml
		README.md = README.md
		.github\workflows\sonarbuild.yml = .github\workflows\sonarbuild.yml
	EndProjectSection
EndProject
Project("{FAE04EC0-301F-11D3-BF4B-00C04F79EFBC}") = "Swiyu.Aspire.AppHost", "Swiyu.Aspire.AppHost\Swiyu.Aspire.AppHost.csproj", "{EFFC2451-F02A-44CE-92BF-9B846E003237}"
EndProject
Project("{FAE04EC0-301F-11D3-BF4B-00C04F79EFBC}") = "Swiyu.Aspire.ServiceDefaults", "Swiyu.Aspire.ServiceDefaults\Swiyu.Aspire.ServiceDefaults.csproj", "{64054DE8-97CE-4BC3-AA74-CE85C4896DD6}"
EndProject
Project("{FAE04EC0-301F-11D3-BF4B-00C04F79EFBC}") = "Swiyu.Aspire.Mgmt", "Swiyu.Aspire.Mgmt\Swiyu.Aspire.Mgmt.csproj", "{81106419-3133-4D76-A9BE-0EEABBC47749}"
EndProject
Global
	GlobalSection(SolutionConfigurationPlatforms) = preSolution
		Debug|Any CPU = Debug|Any CPU
		Release|Any CPU = Release|Any CPU
	EndGlobalSection
	GlobalSection(ProjectConfigurationPlatforms) = postSolution
		{EFFC2451-F02A-44CE-92BF-9B846E003237}.Debug|Any CPU.ActiveCfg = Debug|Any CPU
		{EFFC2451-F02A-44CE-92BF-9B846E003237}.Debug|Any CPU.Build.0 = Debug|Any CPU
		{EFFC2451-F02A-44CE-92BF-9B846E003237}.Release|Any CPU.ActiveCfg = Release|Any CPU
		{EFFC2451-F02A-44CE-92BF-9B846E003237}.Release|Any CPU.Build.0 = Release|Any CPU
		{64054DE8-97CE-4BC3-AA74-CE85C4896DD6}.Debug|Any CPU.ActiveCfg = Debug|Any CPU
		{64054DE8-97CE-4BC3-AA74-CE85C4896DD6}.Debug|Any CPU.Build.0 = Debug|Any CPU
		{64054DE8-97CE-4BC3-AA74-CE85C4896DD6}.Release|Any CPU.ActiveCfg = Release|Any CPU
		{64054DE8-97CE-4BC3-AA74-CE85C4896DD6}.Release|Any CPU.Build.0 = Release|Any CPU
		{81106419-3133-4D76-A9BE-0EEABBC47749}.Debug|Any CPU.ActiveCfg = Debug|Any CPU
		{81106419-3133-4D76-A9BE-0EEABBC47749}.Debug|Any CPU.Build.0 = Debug|Any CPU
		{81106419-3133-4D76-A9BE-0EEABBC47749}.Release|Any CPU.ActiveCfg = Release|Any CPU
		{81106419-3133-4D76-A9BE-0EEABBC47749}.Release|Any CPU.Build.0 = Release|Any CPU
	EndGlobalSection
	GlobalSection(SolutionProperties) = preSolution
		HideSolutionNode = FALSE
	EndGlobalSection
	GlobalSection(ExtensibilityGlobals) = postSolution
		SolutionGuid = {24725F6D-34F2-42D8-88A4-9A68CEC935B9}
	EndGlobalSection
EndGlobal
